// !$*UTF8*$!
{
	archiveVersion = 1;
	classes = {
	};
	objectVersion = 46;
	objects = {

/* Begin PBXBuildFile section */
		C33F0BA71DAB6C85005F0FA3 /* AppDelegate.swift in Sources */ = {isa = PBXBuildFile; fileRef = C33F0BA61DAB6C85005F0FA3 /* AppDelegate.swift */; };
		C33F0BA91DAB6C85005F0FA3 /* ViewController.swift in Sources */ = {isa = PBXBuildFile; fileRef = C33F0BA81DAB6C85005F0FA3 /* ViewController.swift */; };
		C33F0BAC1DAB6C85005F0FA3 /* Main.storyboard in Resources */ = {isa = PBXBuildFile; fileRef = C33F0BAA1DAB6C85005F0FA3 /* Main.storyboard */; };
		C33F0BAE1DAB6C85005F0FA3 /* Assets.xcassets in Resources */ = {isa = PBXBuildFile; fileRef = C33F0BAD1DAB6C85005F0FA3 /* Assets.xcassets */; };
		C33F0BB11DAB6C86005F0FA3 /* LaunchScreen.storyboard in Resources */ = {isa = PBXBuildFile; fileRef = C33F0BAF1DAB6C86005F0FA3 /* LaunchScreen.storyboard */; };
		C33F0BB91DAB7053005F0FA3 /* UglyCell.swift in Sources */ = {isa = PBXBuildFile; fileRef = C33F0BB81DAB7053005F0FA3 /* UglyCell.swift */; };
/* End PBXBuildFile section */

/* Begin PBXFileReference section */
		C33F0BA31DAB6C85005F0FA3 /* nutaroon-tableView.app */ = {isa = PBXFileReference; explicitFileType = wrapper.application; includeInIndex = 0; path = "nutaroon-tableView.app"; sourceTree = BUILT_PRODUCTS_DIR; };
		C33F0BA61DAB6C85005F0FA3 /* AppDelegate.swift */ = {isa = PBXFileReference; lastKnownFileType = sourcecode.swift; path = AppDelegate.swift; sourceTree = "<group>"; };
		C33F0BA81DAB6C85005F0FA3 /* ViewController.swift */ = {isa = PBXFileReference; lastKnownFileType = sourcecode.swift; path = ViewController.swift; sourceTree = "<group>"; };
		C33F0BAB1DAB6C85005F0FA3 /* Base */ = {isa = PBXFileReference; lastKnownFileType = file.storyboard; name = Base; path = Base.lproj/Main.storyboard; sourceTree = "<group>"; };
		C33F0BAD1DAB6C85005F0FA3 /* Assets.xcassets */ = {isa = PBXFileReference; lastKnownFileType = folder.assetcatalog; path = Assets.xcassets; sourceTree = "<group>"; };
		C33F0BB01DAB6C86005F0FA3 /* Base */ = {isa = PBXFileReference; lastKnownFileType = file.storyboard; name = Base; path = Base.lproj/LaunchScreen.storyboard; sourceTree = "<group>"; };
		C33F0BB21DAB6C86005F0FA3 /* Info.plist */ = {isa = PBXFileReference; lastKnownFileType = text.plist.xml; path = Info.plist; sourceTree = "<group>"; };
		C33F0BB81DAB7053005F0FA3 /* UglyCell.swift */ = {isa = PBXFileReference; fileEncoding = 4; lastKnownFileType = sourcecode.swift; path = UglyCell.swift; sourceTree = "<group>"; };
/* End PBXFileReference section */

/* Begin PBXFrameworksBuildPhase section */
		C33F0BA01DAB6C85005F0FA3 /* Frameworks */ = {
			isa = PBXFrameworksBuildPhase;
			buildActionMask = 2147483647;
			files = (
			);
			runOnlyForDeploymentPostprocessing = 0;
		};
/* End PBXFrameworksBuildPhase section */

/* Begin PBXGroup section */
		C33F0B9A1DAB6C85005F0FA3 = {
			isa = PBXGroup;
			children = (
				C33F0BA51DAB6C85005F0FA3 /* nutaroon-tableView */,
				C33F0BA41DAB6C85005F0FA3 /* Products */,
			);
			sourceTree = "<group>";
		};
		C33F0BA41DAB6C85005F0FA3 /* Products */ = {
			isa = PBXGroup;
			children = (
				C33F0BA31DAB6C85005F0FA3 /* nutaroon-tableView.app */,
			);
			name = Products;
			sourceTree = "<group>";
		};
		C33F0BA51DAB6C85005F0FA3 /* nutaroon-tableView */ = {
			isa = PBXGroup;
			children = (
				C33F0BA61DAB6C85005F0FA3 /* AppDelegate.swift */,
				C33F0BA81DAB6C85005F0FA3 /* ViewController.swift */,
				C33F0BAA1DAB6C85005F0FA3 /* Main.storyboard */,
				C33F0BAD1DAB6C85005F0FA3 /* Assets.xcassets */,
				C33F0BAF1DAB6C86005F0FA3 /* LaunchScreen.storyboard */,
				C33F0BB21DAB6C86005F0FA3 /* Info.plist */,
				C33F0BB81DAB7053005F0FA3 /* UglyCell.swift */,
			);
			path = "nutaroon-tableView";
			sourceTree = "<group>";
		};
/* End PBXGroup section */

/* Begin PBXNativeTarget section */
		C33F0BA21DAB6C85005F0FA3 /* nutaroon-tableView */ = {
			isa = PBXNativeTarget;
			buildConfigurationList = C33F0BB51DAB6C86005F0FA3 /* Build configuration list for PBXNativeTarget "nutaroon-tableView" */;
			buildPhases = (
				C33F0B9F1DAB6C85005F0FA3 /* Sources */,
				C33F0BA01DAB6C85005F0FA3 /* Frameworks */,
				C33F0BA11DAB6C85005F0FA3 /* Resources */,
			);
			buildRules = (
			);
			dependencies = (
			);
			name = "nutaroon-tableView";
			productName = "nutaroon-tableView";
			productReference = C33F0BA31DAB6C85005F0FA3 /* nutaroon-tableView.app */;
			productType = "com.apple.product-type.application";
		};
/* End PBXNativeTarget section */

/* Begin PBXProject section */
		C33F0B9B1DAB6C85005F0FA3 /* Project object */ = {
			isa = PBXProject;
			attributes = {
				LastSwiftUpdateCheck = 0800;
				LastUpgradeCheck = 0800;
				ORGANIZATIONNAME = "Nut Aroonrunangaram";
				TargetAttributes = {
					C33F0BA21DAB6C85005F0FA3 = {
						CreatedOnToolsVersion = 8.0;
						ProvisioningStyle = Automatic;
					};
				};
			};
			buildConfigurationList = C33F0B9E1DAB6C85005F0FA3 /* Build configuration list for PBXProject "nutaroon-tableView" */;
			compatibilityVersion = "Xcode 3.2";
			developmentRegion = English;
			hasScannedForEncodings = 0;
			knownRegions = (
				en,
				Base,
			);
			mainGroup = C33F0B9A1DAB6C85005F0FA3;
			productRefGroup = C33F0BA41DAB6C85005F0FA3 /* Products */;
			projectDirPath = "";
			projectRoot = "";
			targets = (
				C33F0BA21DAB6C85005F0FA3 /* nutaroon-tableView */,
			);
		};
/* End PBXProject section */

/* Begin PBXResourcesBuildPhase section */
		C33F0BA11DAB6C85005F0FA3 /* Resources */ = {
			isa = PBXResourcesBuildPhase;
			buildActionMask = 2147483647;
			files = (
				C33F0BB11DAB6C86005F0FA3 /* LaunchScreen.storyboard in Resources */,
				C33F0BAE1DAB6C85005F0FA3 /* Assets.xcassets in Resources */,
				C33F0BAC1DAB6C85005F0FA3 /* Main.storyboard in Resources */,
			);
			runOnlyForDeploymentPostprocessing = 0;
		};
/* End PBXResourcesBuildPhase section */

/* Begin PBXSourcesBuildPhase section */
		C33F0B9F1DAB6C85005F0FA3 /* Sources */ = {
			isa = PBXSourcesBuildPhase;
			buildActionMask = 2147483647;
			files = (
				C33F0BB91DAB7053005F0FA3 /* UglyCell.swift in Sources */,
				C33F0BA91DAB6C85005F0FA3 /* ViewController.swift in Sources */,
				C33F0BA71DAB6C85005F0FA3 /* AppDelegate.swift in Sources */,
			);
			runOnlyForDeploymentPostprocessing = 0;
		};
/* End PBXSourcesBuildPhase section */

/* Begin PBXVariantGroup section */
		C33F0BAA1DAB6C85005F0FA3 /* Main.storyboard */ = {
			isa = PBXVariantGroup;
			children = (
				C33F0BAB1DAB6C85005F0FA3 /* Base */,
			);
			name = Main.storyboard;
			sourceTree = "<group>";
		};
		C33F0BAF1DAB6C86005F0FA3 /* LaunchScreen.storyboard */ = {
			isa = PBXVariantGroup;
			children = (
				C33F0BB01DAB6C86005F0FA3 /* Base */,
			);
			name = LaunchScreen.storyboard;
			sourceTree = "<group>";
		};
/* End PBXVariantGroup section */

/* Begin XCBuildConfiguration section */
		C33F0BB31DAB6C86005F0FA3 /* Debug */ = {
			isa = XCBuildConfiguration;
			buildSettings = {
				ALWAYS_SEARCH_USER_PATHS = NO;
				CLANG_ANALYZER_NONNULL = YES;
				CLANG_CXX_LANGUAGE_STANDARD = "gnu++0x";
				CLANG_CXX_LIBRARY = "libc++";
				CLANG_ENABLE_MODULES = YES;
				CLANG_ENABLE_OBJC_ARC = YES;
				CLANG_WARN_BOOL_CONVERSION = YES;
				CLANG_WARN_CONSTANT_CONVERSION = YES;
				CLANG_WARN_DIRECT_OBJC_ISA_USAGE = YES_ERROR;
				CLANG_WARN_DOCUMENTATION_COMMENTS = YES;
				CLANG_WARN_EMPTY_BODY = YES;
				CLANG_WARN_ENUM_CONVERSION = YES;
				CLANG_WARN_INFINITE_RECURSION = YES;
				CLANG_WARN_INT_CONVERSION = YES;
				CLANG_WARN_OBJC_ROOT_CLASS = YES_ERROR;
				CLANG_WARN_SUSPICIOUS_MOVES = YES;
				CLANG_WARN_UNREACHABLE_CODE = YES;
				CLANG_WARN__DUPLICATE_METHOD_MATCH = YES;
				"CODE_SIGN_IDENTITY[sdk=iphoneos*]" = "iPhone Developer";
				COPY_PHASE_STRIP = NO;
				DEBUG_INFORMATION_FORMAT = dwarf;
				ENABLE_STRICT_OBJC_MSGSEND = YES;
				ENABLE_TESTABILITY = YES;
				GCC_C_LANGUAGE_STANDARD = gnu99;
				GCC_DYNAMIC_NO_PIC = NO;
				GCC_NO_COMMON_BLOCKS = YES;
				GCC_OPTIMIZATION_LEVEL = 0;
				GCC_PREPROCESSOR_DEFINITIONS = (
					"DEBUG=1",
					"$(inherited)",
				);
				GCC_WARN_64_TO_32_BIT_CONVERSION = YES;
				GCC_WARN_ABOUT_RETURN_TYPE = YES_ERROR;
				GCC_WARN_UNDECLARED_SELECTOR = YES;
				GCC_WARN_UNINITIALIZED_AUTOS = YES_AGGRESSIVE;
				GCC_WARN_UNUSED_FUNCTION = YES;
				GCC_WARN_UNUSED_VARIABLE = YES;
				IPHONEOS_DEPLOYMENT_TARGET = 10.0;
				MTL_ENABLE_DEBUG_INFO = YES;
				ONLY_ACTIVE_ARCH = YES;
				SDKROOT = iphoneos;
				SWIFT_ACTIVE_COMPILATION_CONDITIONS = DEBUG;
				SWIFT_OPTIMIZATION_LEVEL = "-Onone";
				TARGETED_DEVICE_FAMILY = "1,2";
			};
			name = Debug;
		};
		C33F0BB41DAB6C86005F0FA3 /* Release */ = {
			isa = XCBuildConfiguration;
			buildSettings = {
				ALWAYS_SEARCH_USER_PATHS = NO;
				CLANG_ANALYZER_NONNULL = YES;
				CLANG_CXX_LANGUAGE_STANDARD = "gnu++0x";
				CLANG_CXX_LIBRARY = "libc++";
				CLANG_ENABLE_MODULES = YES;
				CLANG_ENABLE_OBJC_ARC = YES;
				CLANG_WARN_BOOL_CONVERSION = YES;
				CLANG_WARN_CONSTANT_CONVERSION = YES;
				CLANG_WARN_DIRECT_OBJC_ISA_USAGE = YES_ERROR;
				CLANG_WARN_DOCUMENTATION_COMMENTS = YES;
				CLANG_WARN_EMPTY_BODY = YES;
				CLANG_WARN_ENUM_CONVERSION = YES;
				CLANG_WARN_INFINITE_RECURSION = YES;
				CLANG_WARN_INT_CONVERSION = YES;
				CLANG_WARN_OBJC_ROOT_CLASS = YES_ERROR;
				CLANG_WARN_SUSPICIOUS_MOVES = YES;
				CLANG_WARN_UNREACHABLE_CODE = YES;
				CLANG_WARN__DUPLICATE_METHOD_MATCH = YES;
				"CODE_SIGN_IDENTITY[sdk=iphoneos*]" = "iPhone Developer";
				COPY_PHASE_STRIP = NO;
				DEBUG_INFORMATION_FORMAT = "dwarf-with-dsym";
				ENABLE_NS_ASSERTIONS = NO;
				ENABLE_STRICT_OBJC_MSGSEND = YES;
				GCC_C_LANGUAGE_STANDARD = gnu99;
				GCC_NO_COMMON_BLOCKS = YES;
				GCC_WARN_64_TO_32_BIT_CONVERSION = YES;
				GCC_WARN_ABOUT_RETURN_TYPE = YES_ERROR;
				GCC_WARN_UNDECLARED_SELECTOR = YES;
				GCC_WARN_UNINITIALIZED_AUTOS = YES_AGGRESSIVE;
				GCC_WARN_UNUSED_FUNCTION = YES;
				GCC_WARN_UNUSED_VARIABLE = YES;
				IPHONEOS_DEPLOYMENT_TARGET = 10.0;
				MTL_ENABLE_DEBUG_INFO = NO;
				SDKROOT = iphoneos;
				SWIFT_OPTIMIZATION_LEVEL = "-Owholemodule";
				TARGETED_DEVICE_FAMILY = "1,2";
				VALIDATE_PRODUCT = YES;
			};
			name = Release;
		};
		C33F0BB61DAB6C86005F0FA3 /* Debug */ = {
			isa = XCBuildConfiguration;
			buildSettings = {
				ASSETCATALOG_COMPILER_APPICON_NAME = AppIcon;
				INFOPLIST_FILE = "nutaroon-tableView/Info.plist";
				LD_RUNPATH_SEARCH_PATHS = "$(inherited) @executable_path/Frameworks";
				PRODUCT_BUNDLE_IDENTIFIER = "Nut.Aroon.nutaroon-tableView";
				PRODUCT_NAME = "$(TARGET_NAME)";
				SWIFT_VERSION = 3.0;
			};
			name = Debug;
		};
		C33F0BB71DAB6C86005F0FA3 /* Release */ = {
			isa = XCBuildConfiguration;
			buildSettings = {
				ASSETCATALOG_COMPILER_APPICON_NAME = AppIcon;
				INFOPLIST_FILE = "nutaroon-tableView/Info.plist";
				LD_RUNPATH_SEARCH_PATHS = "$(inherited) @executable_path/Frameworks";
				PRODUCT_BUNDLE_IDENTIFIER = "Nut.Aroon.nutaroon-tableView";
				PRODUCT_NAME = "$(TARGET_NAME)";
				SWIFT_VERSION = 3.0;
			};
			name = Release;
		};
/* End XCBuildConfiguration section */

/* Begin XCConfigurationList section */
		C33F0B9E1DAB6C85005F0FA3 /* Build configuration list for PBXProject "nutaroon-tableView" */ = {
			isa = XCConfigurationList;
			buildConfigurations = (
				C33F0BB31DAB6C86005F0FA3 /* Debug */,
				C33F0BB41DAB6C86005F0FA3 /* Release */,
			);
			defaultConfigurationIsVisible = 0;
			defaultConfigurationName = Release;
		};
		C33F0BB51DAB6C86005F0FA3 /* Build configuration list for PBXNativeTarget "nutaroon-tableView" */ = {
			isa = XCConfigurationList;
			buildConfigurations = (
				C33F0BB61DAB6C86005F0FA3 /* Debug */,
				C33F0BB71DAB6C86005F0FA3 /* Release */,
			);
			defaultConfigurationIsVisible = 0;
		};
/* End XCConfigurationList section */
	};
	rootObject = C33F0B9B1DAB6C85005F0FA3 /* Project object */;
}
