// !$*UTF8*$!
{
	archiveVersion = 1;
	classes = {
	};
	objectVersion = 46;
	objects = {

/* Begin PBXBuildFile section */
		C34258F31DB654A80018AF87 /* AppDelegate.swift in Sources */ = {isa = PBXBuildFile; fileRef = C34258F21DB654A80018AF87 /* AppDelegate.swift */; };
		C34258F51DB654A80018AF87 /* ViewController.swift in Sources */ = {isa = PBXBuildFile; fileRef = C34258F41DB654A80018AF87 /* ViewController.swift */; };
		C34258F81DB654A80018AF87 /* Main.storyboard in Resources */ = {isa = PBXBuildFile; fileRef = C34258F61DB654A80018AF87 /* Main.storyboard */; };
		C34258FA1DB654A80018AF87 /* Assets.xcassets in Resources */ = {isa = PBXBuildFile; fileRef = C34258F91DB654A80018AF87 /* Assets.xcassets */; };
		C34258FD1DB654A80018AF87 /* LaunchScreen.storyboard in Resources */ = {isa = PBXBuildFile; fileRef = C34258FB1DB654A80018AF87 /* LaunchScreen.storyboard */; };
/* End PBXBuildFile section */

/* Begin PBXFileReference section */
		C34258EF1DB654A80018AF87 /* miracle-pill.app */ = {isa = PBXFileReference; explicitFileType = wrapper.application; includeInIndex = 0; path = "miracle-pill.app"; sourceTree = BUILT_PRODUCTS_DIR; };
		C34258F21DB654A80018AF87 /* AppDelegate.swift */ = {isa = PBXFileReference; lastKnownFileType = sourcecode.swift; path = AppDelegate.swift; sourceTree = "<group>"; };
		C34258F41DB654A80018AF87 /* ViewController.swift */ = {isa = PBXFileReference; lastKnownFileType = sourcecode.swift; path = ViewController.swift; sourceTree = "<group>"; };
		C34258F71DB654A80018AF87 /* Base */ = {isa = PBXFileReference; lastKnownFileType = file.storyboard; name = Base; path = Base.lproj/Main.storyboard; sourceTree = "<group>"; };
		C34258F91DB654A80018AF87 /* Assets.xcassets */ = {isa = PBXFileReference; lastKnownFileType = folder.assetcatalog; path = Assets.xcassets; sourceTree = "<group>"; };
		C34258FC1DB654A80018AF87 /* Base */ = {isa = PBXFileReference; lastKnownFileType = file.storyboard; name = Base; path = Base.lproj/LaunchScreen.storyboard; sourceTree = "<group>"; };
		C34258FE1DB654A80018AF87 /* Info.plist */ = {isa = PBXFileReference; lastKnownFileType = text.plist.xml; path = Info.plist; sourceTree = "<group>"; };
/* End PBXFileReference section */

/* Begin PBXFrameworksBuildPhase section */
		C34258EC1DB654A80018AF87 /* Frameworks */ = {
			isa = PBXFrameworksBuildPhase;
			buildActionMask = 2147483647;
			files = (
			);
			runOnlyForDeploymentPostprocessing = 0;
		};
/* End PBXFrameworksBuildPhase section */

/* Begin PBXGroup section */
		C34258E61DB654A80018AF87 = {
			isa = PBXGroup;
			children = (
				C34258F11DB654A80018AF87 /* miracle-pill */,
				C34258F01DB654A80018AF87 /* Products */,
			);
			sourceTree = "<group>";
		};
		C34258F01DB654A80018AF87 /* Products */ = {
			isa = PBXGroup;
			children = (
				C34258EF1DB654A80018AF87 /* miracle-pill.app */,
			);
			name = Products;
			sourceTree = "<group>";
		};
		C34258F11DB654A80018AF87 /* miracle-pill */ = {
			isa = PBXGroup;
			children = (
				C34258F21DB654A80018AF87 /* AppDelegate.swift */,
				C34258F41DB654A80018AF87 /* ViewController.swift */,
				C34258F61DB654A80018AF87 /* Main.storyboard */,
				C34258F91DB654A80018AF87 /* Assets.xcassets */,
				C34258FB1DB654A80018AF87 /* LaunchScreen.storyboard */,
				C34258FE1DB654A80018AF87 /* Info.plist */,
			);
			path = "miracle-pill";
			sourceTree = "<group>";
		};
/* End PBXGroup section */

/* Begin PBXNativeTarget section */
		C34258EE1DB654A80018AF87 /* miracle-pill */ = {
			isa = PBXNativeTarget;
			buildConfigurationList = C34259011DB654A80018AF87 /* Build configuration list for PBXNativeTarget "miracle-pill" */;
			buildPhases = (
				C34258EB1DB654A80018AF87 /* Sources */,
				C34258EC1DB654A80018AF87 /* Frameworks */,
				C34258ED1DB654A80018AF87 /* Resources */,
			);
			buildRules = (
			);
			dependencies = (
			);
			name = "miracle-pill";
			productName = "miracle-pill";
			productReference = C34258EF1DB654A80018AF87 /* miracle-pill.app */;
			productType = "com.apple.product-type.application";
		};
/* End PBXNativeTarget section */

/* Begin PBXProject section */
		C34258E71DB654A80018AF87 /* Project object */ = {
			isa = PBXProject;
			attributes = {
				LastSwiftUpdateCheck = 0800;
				LastUpgradeCheck = 0800;
				ORGANIZATIONNAME = "Nut Aroonrunangaram";
				TargetAttributes = {
					C34258EE1DB654A80018AF87 = {
						CreatedOnToolsVersion = 8.0;
						ProvisioningStyle = Automatic;
					};
				};
			};
			buildConfigurationList = C34258EA1DB654A80018AF87 /* Build configuration list for PBXProject "miracle-pill" */;
			compatibilityVersion = "Xcode 3.2";
			developmentRegion = English;
			hasScannedForEncodings = 0;
			knownRegions = (
				en,
				Base,
			);
			mainGroup = C34258E61DB654A80018AF87;
			productRefGroup = C34258F01DB654A80018AF87 /* Products */;
			projectDirPath = "";
			projectRoot = "";
			targets = (
				C34258EE1DB654A80018AF87 /* miracle-pill */,
			);
		};
/* End PBXProject section */

/* Begin PBXResourcesBuildPhase section */
		C34258ED1DB654A80018AF87 /* Resources */ = {
			isa = PBXResourcesBuildPhase;
			buildActionMask = 2147483647;
			files = (
				C34258FD1DB654A80018AF87 /* LaunchScreen.storyboard in Resources */,
				C34258FA1DB654A80018AF87 /* Assets.xcassets in Resources */,
				C34258F81DB654A80018AF87 /* Main.storyboard in Resources */,
			);
			runOnlyForDeploymentPostprocessing = 0;
		};
/* End PBXResourcesBuildPhase section */

/* Begin PBXSourcesBuildPhase section */
		C34258EB1DB654A80018AF87 /* Sources */ = {
			isa = PBXSourcesBuildPhase;
			buildActionMask = 2147483647;
			files = (
				C34258F51DB654A80018AF87 /* ViewController.swift in Sources */,
				C34258F31DB654A80018AF87 /* AppDelegate.swift in Sources */,
			);
			runOnlyForDeploymentPostprocessing = 0;
		};
/* End PBXSourcesBuildPhase section */

/* Begin PBXVariantGroup section */
		C34258F61DB654A80018AF87 /* Main.storyboard */ = {
			isa = PBXVariantGroup;
			children = (
				C34258F71DB654A80018AF87 /* Base */,
			);
			name = Main.storyboard;
			sourceTree = "<group>";
		};
		C34258FB1DB654A80018AF87 /* LaunchScreen.storyboard */ = {
			isa = PBXVariantGroup;
			children = (
				C34258FC1DB654A80018AF87 /* Base */,
			);
			name = LaunchScreen.storyboard;
			sourceTree = "<group>";
		};
/* End PBXVariantGroup section */

/* Begin XCBuildConfiguration section */
		C34258FF1DB654A80018AF87 /* Debug */ = {
			isa = XCBuildConfiguration;
			buildSettings = {
				ALWAYS_SEARCH_USER_PATHS = NO;
				CLANG_ANALYZER_NONNULL = YES;
				CLANG_CXX_LANGUAGE_STANDARD = "gnu++0x";
				CLANG_CXX_LIBRARY = "libc++";
				CLANG_ENABLE_MODULES = YES;
				CLANG_ENABLE_OBJC_ARC = YES;
				CLANG_WARN_BOOL_CONVERSION = YES;
				CLANG_WARN_CONSTANT_CONVERSION = YES;
				CLANG_WARN_DIRECT_OBJC_ISA_USAGE = YES_ERROR;
				CLANG_WARN_DOCUMENTATION_COMMENTS = YES;
				CLANG_WARN_EMPTY_BODY = YES;
				CLANG_WARN_ENUM_CONVERSION = YES;
				CLANG_WARN_INFINITE_RECURSION = YES;
				CLANG_WARN_INT_CONVERSION = YES;
				CLANG_WARN_OBJC_ROOT_CLASS = YES_ERROR;
				CLANG_WARN_SUSPICIOUS_MOVES = YES;
				CLANG_WARN_UNREACHABLE_CODE = YES;
				CLANG_WARN__DUPLICATE_METHOD_MATCH = YES;
				"CODE_SIGN_IDENTITY[sdk=iphoneos*]" = "iPhone Developer";
				COPY_PHASE_STRIP = NO;
				DEBUG_INFORMATION_FORMAT = dwarf;
				ENABLE_STRICT_OBJC_MSGSEND = YES;
				ENABLE_TESTABILITY = YES;
				GCC_C_LANGUAGE_STANDARD = gnu99;
				GCC_DYNAMIC_NO_PIC = NO;
				GCC_NO_COMMON_BLOCKS = YES;
				GCC_OPTIMIZATION_LEVEL = 0;
				GCC_PREPROCESSOR_DEFINITIONS = (
					"DEBUG=1",
					"$(inherited)",
				);
				GCC_WARN_64_TO_32_BIT_CONVERSION = YES;
				GCC_WARN_ABOUT_RETURN_TYPE = YES_ERROR;
				GCC_WARN_UNDECLARED_SELECTOR = YES;
				GCC_WARN_UNINITIALIZED_AUTOS = YES_AGGRESSIVE;
				GCC_WARN_UNUSED_FUNCTION = YES;
				GCC_WARN_UNUSED_VARIABLE = YES;
				IPHONEOS_DEPLOYMENT_TARGET = 10.0;
				MTL_ENABLE_DEBUG_INFO = YES;
				ONLY_ACTIVE_ARCH = YES;
				SDKROOT = iphoneos;
				SWIFT_ACTIVE_COMPILATION_CONDITIONS = DEBUG;
				SWIFT_OPTIMIZATION_LEVEL = "-Onone";
				TARGETED_DEVICE_FAMILY = "1,2";
			};
			name = Debug;
		};
		C34259001DB654A80018AF87 /* Release */ = {
			isa = XCBuildConfiguration;
			buildSettings = {
				ALWAYS_SEARCH_USER_PATHS = NO;
				CLANG_ANALYZER_NONNULL = YES;
				CLANG_CXX_LANGUAGE_STANDARD = "gnu++0x";
				CLANG_CXX_LIBRARY = "libc++";
				CLANG_ENABLE_MODULES = YES;
				CLANG_ENABLE_OBJC_ARC = YES;
				CLANG_WARN_BOOL_CONVERSION = YES;
				CLANG_WARN_CONSTANT_CONVERSION = YES;
				CLANG_WARN_DIRECT_OBJC_ISA_USAGE = YES_ERROR;
				CLANG_WARN_DOCUMENTATION_COMMENTS = YES;
				CLANG_WARN_EMPTY_BODY = YES;
				CLANG_WARN_ENUM_CONVERSION = YES;
				CLANG_WARN_INFINITE_RECURSION = YES;
				CLANG_WARN_INT_CONVERSION = YES;
				CLANG_WARN_OBJC_ROOT_CLASS = YES_ERROR;
				CLANG_WARN_SUSPICIOUS_MOVES = YES;
				CLANG_WARN_UNREACHABLE_CODE = YES;
				CLANG_WARN__DUPLICATE_METHOD_MATCH = YES;
				"CODE_SIGN_IDENTITY[sdk=iphoneos*]" = "iPhone Developer";
				COPY_PHASE_STRIP = NO;
				DEBUG_INFORMATION_FORMAT = "dwarf-with-dsym";
				ENABLE_NS_ASSERTIONS = NO;
				ENABLE_STRICT_OBJC_MSGSEND = YES;
				GCC_C_LANGUAGE_STANDARD = gnu99;
				GCC_NO_COMMON_BLOCKS = YES;
				GCC_WARN_64_TO_32_BIT_CONVERSION = YES;
				GCC_WARN_ABOUT_RETURN_TYPE = YES_ERROR;
				GCC_WARN_UNDECLARED_SELECTOR = YES;
				GCC_WARN_UNINITIALIZED_AUTOS = YES_AGGRESSIVE;
				GCC_WARN_UNUSED_FUNCTION = YES;
				GCC_WARN_UNUSED_VARIABLE = YES;
				IPHONEOS_DEPLOYMENT_TARGET = 10.0;
				MTL_ENABLE_DEBUG_INFO = NO;
				SDKROOT = iphoneos;
				SWIFT_OPTIMIZATION_LEVEL = "-Owholemodule";
				TARGETED_DEVICE_FAMILY = "1,2";
				VALIDATE_PRODUCT = YES;
			};
			name = Release;
		};
		C34259021DB654A80018AF87 /* Debug */ = {
			isa = XCBuildConfiguration;
			buildSettings = {
				ASSETCATALOG_COMPILER_APPICON_NAME = AppIcon;
				INFOPLIST_FILE = "miracle-pill/Info.plist";
				LD_RUNPATH_SEARCH_PATHS = "$(inherited) @executable_path/Frameworks";
				PRODUCT_BUNDLE_IDENTIFIER = "Nut.Aroon.miracle-pill";
				PRODUCT_NAME = "$(TARGET_NAME)";
				SWIFT_VERSION = 3.0;
			};
			name = Debug;
		};
		C34259031DB654A80018AF87 /* Release */ = {
			isa = XCBuildConfiguration;
			buildSettings = {
				ASSETCATALOG_COMPILER_APPICON_NAME = AppIcon;
				INFOPLIST_FILE = "miracle-pill/Info.plist";
				LD_RUNPATH_SEARCH_PATHS = "$(inherited) @executable_path/Frameworks";
				PRODUCT_BUNDLE_IDENTIFIER = "Nut.Aroon.miracle-pill";
				PRODUCT_NAME = "$(TARGET_NAME)";
				SWIFT_VERSION = 3.0;
			};
			name = Release;
		};
/* End XCBuildConfiguration section */

/* Begin XCConfigurationList section */
		C34258EA1DB654A80018AF87 /* Build configuration list for PBXProject "miracle-pill" */ = {
			isa = XCConfigurationList;
			buildConfigurations = (
				C34258FF1DB654A80018AF87 /* Debug */,
				C34259001DB654A80018AF87 /* Release */,
			);
			defaultConfigurationIsVisible = 0;
			defaultConfigurationName = Release;
		};
		C34259011DB654A80018AF87 /* Build configuration list for PBXNativeTarget "miracle-pill" */ = {
			isa = XCConfigurationList;
			buildConfigurations = (
				C34259021DB654A80018AF87 /* Debug */,
				C34259031DB654A80018AF87 /* Release */,
			);
			defaultConfigurationIsVisible = 0;
		};
/* End XCConfigurationList section */
	};
	rootObject = C34258E71DB654A80018AF87 /* Project object */;
}
