// !$*UTF8*$!
{
	archiveVersion = 1;
	classes = {
	};
	objectVersion = 46;
	objects = {

/* Begin PBXBuildFile section */
		C31DF6701D901CA80032B62C /* AppDelegate.swift in Sources */ = {isa = PBXBuildFile; fileRef = C31DF66F1D901CA80032B62C /* AppDelegate.swift */; };
		C31DF6721D901CA80032B62C /* ViewController.swift in Sources */ = {isa = PBXBuildFile; fileRef = C31DF6711D901CA80032B62C /* ViewController.swift */; };
		C31DF6751D901CA80032B62C /* Main.storyboard in Resources */ = {isa = PBXBuildFile; fileRef = C31DF6731D901CA80032B62C /* Main.storyboard */; };
		C31DF6771D901CA80032B62C /* Assets.xcassets in Resources */ = {isa = PBXBuildFile; fileRef = C31DF6761D901CA80032B62C /* Assets.xcassets */; };
		C31DF67A1D901CA80032B62C /* LaunchScreen.storyboard in Resources */ = {isa = PBXBuildFile; fileRef = C31DF6781D901CA80032B62C /* LaunchScreen.storyboard */; };
/* End PBXBuildFile section */

/* Begin PBXFileReference section */
		C31DF66C1D901CA80032B62C /* sizing-it-up.app */ = {isa = PBXFileReference; explicitFileType = wrapper.application; includeInIndex = 0; path = "sizing-it-up.app"; sourceTree = BUILT_PRODUCTS_DIR; };
		C31DF66F1D901CA80032B62C /* AppDelegate.swift */ = {isa = PBXFileReference; lastKnownFileType = sourcecode.swift; path = AppDelegate.swift; sourceTree = "<group>"; };
		C31DF6711D901CA80032B62C /* ViewController.swift */ = {isa = PBXFileReference; lastKnownFileType = sourcecode.swift; path = ViewController.swift; sourceTree = "<group>"; };
		C31DF6741D901CA80032B62C /* Base */ = {isa = PBXFileReference; lastKnownFileType = file.storyboard; name = Base; path = Base.lproj/Main.storyboard; sourceTree = "<group>"; };
		C31DF6761D901CA80032B62C /* Assets.xcassets */ = {isa = PBXFileReference; lastKnownFileType = folder.assetcatalog; path = Assets.xcassets; sourceTree = "<group>"; };
		C31DF6791D901CA80032B62C /* Base */ = {isa = PBXFileReference; lastKnownFileType = file.storyboard; name = Base; path = Base.lproj/LaunchScreen.storyboard; sourceTree = "<group>"; };
		C31DF67B1D901CA80032B62C /* Info.plist */ = {isa = PBXFileReference; lastKnownFileType = text.plist.xml; path = Info.plist; sourceTree = "<group>"; };
/* End PBXFileReference section */

/* Begin PBXFrameworksBuildPhase section */
		C31DF6691D901CA80032B62C /* Frameworks */ = {
			isa = PBXFrameworksBuildPhase;
			buildActionMask = 2147483647;
			files = (
			);
			runOnlyForDeploymentPostprocessing = 0;
		};
/* End PBXFrameworksBuildPhase section */

/* Begin PBXGroup section */
		C31DF6631D901CA80032B62C = {
			isa = PBXGroup;
			children = (
				C31DF66E1D901CA80032B62C /* sizing-it-up */,
				C31DF66D1D901CA80032B62C /* Products */,
			);
			sourceTree = "<group>";
		};
		C31DF66D1D901CA80032B62C /* Products */ = {
			isa = PBXGroup;
			children = (
				C31DF66C1D901CA80032B62C /* sizing-it-up.app */,
			);
			name = Products;
			sourceTree = "<group>";
		};
		C31DF66E1D901CA80032B62C /* sizing-it-up */ = {
			isa = PBXGroup;
			children = (
				C31DF66F1D901CA80032B62C /* AppDelegate.swift */,
				C31DF6711D901CA80032B62C /* ViewController.swift */,
				C31DF6731D901CA80032B62C /* Main.storyboard */,
				C31DF6761D901CA80032B62C /* Assets.xcassets */,
				C31DF6781D901CA80032B62C /* LaunchScreen.storyboard */,
				C31DF67B1D901CA80032B62C /* Info.plist */,
			);
			path = "sizing-it-up";
			sourceTree = "<group>";
		};
/* End PBXGroup section */

/* Begin PBXNativeTarget section */
		C31DF66B1D901CA80032B62C /* sizing-it-up */ = {
			isa = PBXNativeTarget;
			buildConfigurationList = C31DF67E1D901CA80032B62C /* Build configuration list for PBXNativeTarget "sizing-it-up" */;
			buildPhases = (
				C31DF6681D901CA80032B62C /* Sources */,
				C31DF6691D901CA80032B62C /* Frameworks */,
				C31DF66A1D901CA80032B62C /* Resources */,
			);
			buildRules = (
			);
			dependencies = (
			);
			name = "sizing-it-up";
			productName = "sizing-it-up";
			productReference = C31DF66C1D901CA80032B62C /* sizing-it-up.app */;
			productType = "com.apple.product-type.application";
		};
/* End PBXNativeTarget section */

/* Begin PBXProject section */
		C31DF6641D901CA80032B62C /* Project object */ = {
			isa = PBXProject;
			attributes = {
				LastSwiftUpdateCheck = 0730;
				LastUpgradeCheck = 0730;
				ORGANIZATIONNAME = "Nut Aroonrunangaram";
				TargetAttributes = {
					C31DF66B1D901CA80032B62C = {
						CreatedOnToolsVersion = 7.3;
						DevelopmentTeam = 484Y5R334Z;
					};
				};
			};
			buildConfigurationList = C31DF6671D901CA80032B62C /* Build configuration list for PBXProject "sizing-it-up" */;
			compatibilityVersion = "Xcode 3.2";
			developmentRegion = English;
			hasScannedForEncodings = 0;
			knownRegions = (
				en,
				Base,
			);
			mainGroup = C31DF6631D901CA80032B62C;
			productRefGroup = C31DF66D1D901CA80032B62C /* Products */;
			projectDirPath = "";
			projectRoot = "";
			targets = (
				C31DF66B1D901CA80032B62C /* sizing-it-up */,
			);
		};
/* End PBXProject section */

/* Begin PBXResourcesBuildPhase section */
		C31DF66A1D901CA80032B62C /* Resources */ = {
			isa = PBXResourcesBuildPhase;
			buildActionMask = 2147483647;
			files = (
				C31DF67A1D901CA80032B62C /* LaunchScreen.storyboard in Resources */,
				C31DF6771D901CA80032B62C /* Assets.xcassets in Resources */,
				C31DF6751D901CA80032B62C /* Main.storyboard in Resources */,
			);
			runOnlyForDeploymentPostprocessing = 0;
		};
/* End PBXResourcesBuildPhase section */

/* Begin PBXSourcesBuildPhase section */
		C31DF6681D901CA80032B62C /* Sources */ = {
			isa = PBXSourcesBuildPhase;
			buildActionMask = 2147483647;
			files = (
				C31DF6721D901CA80032B62C /* ViewController.swift in Sources */,
				C31DF6701D901CA80032B62C /* AppDelegate.swift in Sources */,
			);
			runOnlyForDeploymentPostprocessing = 0;
		};
/* End PBXSourcesBuildPhase section */

/* Begin PBXVariantGroup section */
		C31DF6731D901CA80032B62C /* Main.storyboard */ = {
			isa = PBXVariantGroup;
			children = (
				C31DF6741D901CA80032B62C /* Base */,
			);
			name = Main.storyboard;
			sourceTree = "<group>";
		};
		C31DF6781D901CA80032B62C /* LaunchScreen.storyboard */ = {
			isa = PBXVariantGroup;
			children = (
				C31DF6791D901CA80032B62C /* Base */,
			);
			name = LaunchScreen.storyboard;
			sourceTree = "<group>";
		};
/* End PBXVariantGroup section */

/* Begin XCBuildConfiguration section */
		C31DF67C1D901CA80032B62C /* Debug */ = {
			isa = XCBuildConfiguration;
			buildSettings = {
				ALWAYS_SEARCH_USER_PATHS = NO;
				CLANG_ANALYZER_NONNULL = YES;
				CLANG_CXX_LANGUAGE_STANDARD = "gnu++0x";
				CLANG_CXX_LIBRARY = "libc++";
				CLANG_ENABLE_MODULES = YES;
				CLANG_ENABLE_OBJC_ARC = YES;
				CLANG_WARN_BOOL_CONVERSION = YES;
				CLANG_WARN_CONSTANT_CONVERSION = YES;
				CLANG_WARN_DIRECT_OBJC_ISA_USAGE = YES_ERROR;
				CLANG_WARN_EMPTY_BODY = YES;
				CLANG_WARN_ENUM_CONVERSION = YES;
				CLANG_WARN_INT_CONVERSION = YES;
				CLANG_WARN_OBJC_ROOT_CLASS = YES_ERROR;
				CLANG_WARN_UNREACHABLE_CODE = YES;
				CLANG_WARN__DUPLICATE_METHOD_MATCH = YES;
				"CODE_SIGN_IDENTITY[sdk=iphoneos*]" = "iPhone Developer";
				COPY_PHASE_STRIP = NO;
				DEBUG_INFORMATION_FORMAT = dwarf;
				ENABLE_STRICT_OBJC_MSGSEND = YES;
				ENABLE_TESTABILITY = YES;
				GCC_C_LANGUAGE_STANDARD = gnu99;
				GCC_DYNAMIC_NO_PIC = NO;
				GCC_NO_COMMON_BLOCKS = YES;
				GCC_OPTIMIZATION_LEVEL = 0;
				GCC_PREPROCESSOR_DEFINITIONS = (
					"DEBUG=1",
					"$(inherited)",
				);
				GCC_WARN_64_TO_32_BIT_CONVERSION = YES;
				GCC_WARN_ABOUT_RETURN_TYPE = YES_ERROR;
				GCC_WARN_UNDECLARED_SELECTOR = YES;
				GCC_WARN_UNINITIALIZED_AUTOS = YES_AGGRESSIVE;
				GCC_WARN_UNUSED_FUNCTION = YES;
				GCC_WARN_UNUSED_VARIABLE = YES;
				IPHONEOS_DEPLOYMENT_TARGET = 9.3;
				MTL_ENABLE_DEBUG_INFO = YES;
				ONLY_ACTIVE_ARCH = YES;
				SDKROOT = iphoneos;
				SWIFT_OPTIMIZATION_LEVEL = "-Onone";
				TARGETED_DEVICE_FAMILY = "1,2";
			};
			name = Debug;
		};
		C31DF67D1D901CA80032B62C /* Release */ = {
			isa = XCBuildConfiguration;
			buildSettings = {
				ALWAYS_SEARCH_USER_PATHS = NO;
				CLANG_ANALYZER_NONNULL = YES;
				CLANG_CXX_LANGUAGE_STANDARD = "gnu++0x";
				CLANG_CXX_LIBRARY = "libc++";
				CLANG_ENABLE_MODULES = YES;
				CLANG_ENABLE_OBJC_ARC = YES;
				CLANG_WARN_BOOL_CONVERSION = YES;
				CLANG_WARN_CONSTANT_CONVERSION = YES;
				CLANG_WARN_DIRECT_OBJC_ISA_USAGE = YES_ERROR;
				CLANG_WARN_EMPTY_BODY = YES;
				CLANG_WARN_ENUM_CONVERSION = YES;
				CLANG_WARN_INT_CONVERSION = YES;
				CLANG_WARN_OBJC_ROOT_CLASS = YES_ERROR;
				CLANG_WARN_UNREACHABLE_CODE = YES;
				CLANG_WARN__DUPLICATE_METHOD_MATCH = YES;
				"CODE_SIGN_IDENTITY[sdk=iphoneos*]" = "iPhone Developer";
				COPY_PHASE_STRIP = NO;
				DEBUG_INFORMATION_FORMAT = "dwarf-with-dsym";
				ENABLE_NS_ASSERTIONS = NO;
				ENABLE_STRICT_OBJC_MSGSEND = YES;
				GCC_C_LANGUAGE_STANDARD = gnu99;
				GCC_NO_COMMON_BLOCKS = YES;
				GCC_WARN_64_TO_32_BIT_CONVERSION = YES;
				GCC_WARN_ABOUT_RETURN_TYPE = YES_ERROR;
				GCC_WARN_UNDECLARED_SELECTOR = YES;
				GCC_WARN_UNINITIALIZED_AUTOS = YES_AGGRESSIVE;
				GCC_WARN_UNUSED_FUNCTION = YES;
				GCC_WARN_UNUSED_VARIABLE = YES;
				IPHONEOS_DEPLOYMENT_TARGET = 9.3;
				MTL_ENABLE_DEBUG_INFO = NO;
				SDKROOT = iphoneos;
				TARGETED_DEVICE_FAMILY = "1,2";
				VALIDATE_PRODUCT = YES;
			};
			name = Release;
		};
		C31DF67F1D901CA80032B62C /* Debug */ = {
			isa = XCBuildConfiguration;
			buildSettings = {
				ASSETCATALOG_COMPILER_APPICON_NAME = AppIcon;
				INFOPLIST_FILE = "sizing-it-up/Info.plist";
				LD_RUNPATH_SEARCH_PATHS = "$(inherited) @executable_path/Frameworks";
				PRODUCT_BUNDLE_IDENTIFIER = "Nut.Aroon.sizing-it-up";
				PRODUCT_NAME = "$(TARGET_NAME)";
			};
			name = Debug;
		};
		C31DF6801D901CA80032B62C /* Release */ = {
			isa = XCBuildConfiguration;
			buildSettings = {
				ASSETCATALOG_COMPILER_APPICON_NAME = AppIcon;
				INFOPLIST_FILE = "sizing-it-up/Info.plist";
				LD_RUNPATH_SEARCH_PATHS = "$(inherited) @executable_path/Frameworks";
				PRODUCT_BUNDLE_IDENTIFIER = "Nut.Aroon.sizing-it-up";
				PRODUCT_NAME = "$(TARGET_NAME)";
			};
			name = Release;
		};
/* End XCBuildConfiguration section */

/* Begin XCConfigurationList section */
		C31DF6671D901CA80032B62C /* Build configuration list for PBXProject "sizing-it-up" */ = {
			isa = XCConfigurationList;
			buildConfigurations = (
				C31DF67C1D901CA80032B62C /* Debug */,
				C31DF67D1D901CA80032B62C /* Release */,
			);
			defaultConfigurationIsVisible = 0;
			defaultConfigurationName = Release;
		};
		C31DF67E1D901CA80032B62C /* Build configuration list for PBXNativeTarget "sizing-it-up" */ = {
			isa = XCConfigurationList;
			buildConfigurations = (
				C31DF67F1D901CA80032B62C /* Debug */,
				C31DF6801D901CA80032B62C /* Release */,
			);
			defaultConfigurationIsVisible = 0;
		};
/* End XCConfigurationList section */
	};
	rootObject = C31DF6641D901CA80032B62C /* Project object */;
}
