// !$*UTF8*$!
{
	archiveVersion = 1;
	classes = {
	};
	objectVersion = 46;
	objects = {

/* Begin PBXBuildFile section */
		C31EEBE51D7ADAF1001F890B /* AppDelegate.swift in Sources */ = {isa = PBXBuildFile; fileRef = C31EEBE41D7ADAF1001F890B /* AppDelegate.swift */; };
		C31EEBE71D7ADAF1001F890B /* ViewController.swift in Sources */ = {isa = PBXBuildFile; fileRef = C31EEBE61D7ADAF1001F890B /* ViewController.swift */; };
		C31EEBEA1D7ADAF1001F890B /* Main.storyboard in Resources */ = {isa = PBXBuildFile; fileRef = C31EEBE81D7ADAF1001F890B /* Main.storyboard */; };
		C31EEBEC1D7ADAF1001F890B /* Assets.xcassets in Resources */ = {isa = PBXBuildFile; fileRef = C31EEBEB1D7ADAF1001F890B /* Assets.xcassets */; };
		C31EEBEF1D7ADAF1001F890B /* LaunchScreen.storyboard in Resources */ = {isa = PBXBuildFile; fileRef = C31EEBED1D7ADAF1001F890B /* LaunchScreen.storyboard */; };
		C31EEBF71D7ADB06001F890B /* Character.swift in Sources */ = {isa = PBXBuildFile; fileRef = C31EEBF61D7ADB06001F890B /* Character.swift */; };
		C31EEBF91D7ADD0A001F890B /* PlayerOne.swift in Sources */ = {isa = PBXBuildFile; fileRef = C31EEBF81D7ADD0A001F890B /* PlayerOne.swift */; };
		C31EEBFB1D7ADEB4001F890B /* PlayerTwo.swift in Sources */ = {isa = PBXBuildFile; fileRef = C31EEBFA1D7ADEB4001F890B /* PlayerTwo.swift */; };
/* End PBXBuildFile section */

/* Begin PBXFileReference section */
		C31EEBE11D7ADAF1001F890B /* rpgoop-my.app */ = {isa = PBXFileReference; explicitFileType = wrapper.application; includeInIndex = 0; path = "rpgoop-my.app"; sourceTree = BUILT_PRODUCTS_DIR; };
		C31EEBE41D7ADAF1001F890B /* AppDelegate.swift */ = {isa = PBXFileReference; lastKnownFileType = sourcecode.swift; path = AppDelegate.swift; sourceTree = "<group>"; };
		C31EEBE61D7ADAF1001F890B /* ViewController.swift */ = {isa = PBXFileReference; lastKnownFileType = sourcecode.swift; path = ViewController.swift; sourceTree = "<group>"; };
		C31EEBE91D7ADAF1001F890B /* Base */ = {isa = PBXFileReference; lastKnownFileType = file.storyboard; name = Base; path = Base.lproj/Main.storyboard; sourceTree = "<group>"; };
		C31EEBEB1D7ADAF1001F890B /* Assets.xcassets */ = {isa = PBXFileReference; lastKnownFileType = folder.assetcatalog; path = Assets.xcassets; sourceTree = "<group>"; };
		C31EEBEE1D7ADAF1001F890B /* Base */ = {isa = PBXFileReference; lastKnownFileType = file.storyboard; name = Base; path = Base.lproj/LaunchScreen.storyboard; sourceTree = "<group>"; };
		C31EEBF01D7ADAF1001F890B /* Info.plist */ = {isa = PBXFileReference; lastKnownFileType = text.plist.xml; path = Info.plist; sourceTree = "<group>"; };
		C31EEBF61D7ADB06001F890B /* Character.swift */ = {isa = PBXFileReference; fileEncoding = 4; lastKnownFileType = sourcecode.swift; path = Character.swift; sourceTree = "<group>"; };
		C31EEBF81D7ADD0A001F890B /* PlayerOne.swift */ = {isa = PBXFileReference; fileEncoding = 4; lastKnownFileType = sourcecode.swift; path = PlayerOne.swift; sourceTree = "<group>"; };
		C31EEBFA1D7ADEB4001F890B /* PlayerTwo.swift */ = {isa = PBXFileReference; fileEncoding = 4; lastKnownFileType = sourcecode.swift; path = PlayerTwo.swift; sourceTree = "<group>"; };
/* End PBXFileReference section */

/* Begin PBXFrameworksBuildPhase section */
		C31EEBDE1D7ADAF1001F890B /* Frameworks */ = {
			isa = PBXFrameworksBuildPhase;
			buildActionMask = 2147483647;
			files = (
			);
			runOnlyForDeploymentPostprocessing = 0;
		};
/* End PBXFrameworksBuildPhase section */

/* Begin PBXGroup section */
		C31EEBD81D7ADAF1001F890B = {
			isa = PBXGroup;
			children = (
				C31EEBE31D7ADAF1001F890B /* rpgoop-my */,
				C31EEBE21D7ADAF1001F890B /* Products */,
			);
			sourceTree = "<group>";
		};
		C31EEBE21D7ADAF1001F890B /* Products */ = {
			isa = PBXGroup;
			children = (
				C31EEBE11D7ADAF1001F890B /* rpgoop-my.app */,
			);
			name = Products;
			sourceTree = "<group>";
		};
		C31EEBE31D7ADAF1001F890B /* rpgoop-my */ = {
			isa = PBXGroup;
			children = (
				C31EEBE41D7ADAF1001F890B /* AppDelegate.swift */,
				C31EEBE61D7ADAF1001F890B /* ViewController.swift */,
				C31EEBE81D7ADAF1001F890B /* Main.storyboard */,
				C31EEBEB1D7ADAF1001F890B /* Assets.xcassets */,
				C31EEBED1D7ADAF1001F890B /* LaunchScreen.storyboard */,
				C31EEBF01D7ADAF1001F890B /* Info.plist */,
				C31EEBF61D7ADB06001F890B /* Character.swift */,
				C31EEBF81D7ADD0A001F890B /* PlayerOne.swift */,
				C31EEBFA1D7ADEB4001F890B /* PlayerTwo.swift */,
			);
			path = "rpgoop-my";
			sourceTree = "<group>";
		};
/* End PBXGroup section */

/* Begin PBXNativeTarget section */
		C31EEBE01D7ADAF1001F890B /* rpgoop-my */ = {
			isa = PBXNativeTarget;
			buildConfigurationList = C31EEBF31D7ADAF1001F890B /* Build configuration list for PBXNativeTarget "rpgoop-my" */;
			buildPhases = (
				C31EEBDD1D7ADAF1001F890B /* Sources */,
				C31EEBDE1D7ADAF1001F890B /* Frameworks */,
				C31EEBDF1D7ADAF1001F890B /* Resources */,
			);
			buildRules = (
			);
			dependencies = (
			);
			name = "rpgoop-my";
			productName = "rpgoop-my";
			productReference = C31EEBE11D7ADAF1001F890B /* rpgoop-my.app */;
			productType = "com.apple.product-type.application";
		};
/* End PBXNativeTarget section */

/* Begin PBXProject section */
		C31EEBD91D7ADAF1001F890B /* Project object */ = {
			isa = PBXProject;
			attributes = {
				LastSwiftUpdateCheck = 0730;
				LastUpgradeCheck = 0730;
				ORGANIZATIONNAME = "Nut Aroonrunangaram";
				TargetAttributes = {
					C31EEBE01D7ADAF1001F890B = {
						CreatedOnToolsVersion = 7.3;
						DevelopmentTeam = 484Y5R334Z;
					};
				};
			};
			buildConfigurationList = C31EEBDC1D7ADAF1001F890B /* Build configuration list for PBXProject "rpgoop-my" */;
			compatibilityVersion = "Xcode 3.2";
			developmentRegion = English;
			hasScannedForEncodings = 0;
			knownRegions = (
				en,
				Base,
			);
			mainGroup = C31EEBD81D7ADAF1001F890B;
			productRefGroup = C31EEBE21D7ADAF1001F890B /* Products */;
			projectDirPath = "";
			projectRoot = "";
			targets = (
				C31EEBE01D7ADAF1001F890B /* rpgoop-my */,
			);
		};
/* End PBXProject section */

/* Begin PBXResourcesBuildPhase section */
		C31EEBDF1D7ADAF1001F890B /* Resources */ = {
			isa = PBXResourcesBuildPhase;
			buildActionMask = 2147483647;
			files = (
				C31EEBEF1D7ADAF1001F890B /* LaunchScreen.storyboard in Resources */,
				C31EEBEC1D7ADAF1001F890B /* Assets.xcassets in Resources */,
				C31EEBEA1D7ADAF1001F890B /* Main.storyboard in Resources */,
			);
			runOnlyForDeploymentPostprocessing = 0;
		};
/* End PBXResourcesBuildPhase section */

/* Begin PBXSourcesBuildPhase section */
		C31EEBDD1D7ADAF1001F890B /* Sources */ = {
			isa = PBXSourcesBuildPhase;
			buildActionMask = 2147483647;
			files = (
				C31EEBF91D7ADD0A001F890B /* PlayerOne.swift in Sources */,
				C31EEBF71D7ADB06001F890B /* Character.swift in Sources */,
				C31EEBFB1D7ADEB4001F890B /* PlayerTwo.swift in Sources */,
				C31EEBE71D7ADAF1001F890B /* ViewController.swift in Sources */,
				C31EEBE51D7ADAF1001F890B /* AppDelegate.swift in Sources */,
			);
			runOnlyForDeploymentPostprocessing = 0;
		};
/* End PBXSourcesBuildPhase section */

/* Begin PBXVariantGroup section */
		C31EEBE81D7ADAF1001F890B /* Main.storyboard */ = {
			isa = PBXVariantGroup;
			children = (
				C31EEBE91D7ADAF1001F890B /* Base */,
			);
			name = Main.storyboard;
			sourceTree = "<group>";
		};
		C31EEBED1D7ADAF1001F890B /* LaunchScreen.storyboard */ = {
			isa = PBXVariantGroup;
			children = (
				C31EEBEE1D7ADAF1001F890B /* Base */,
			);
			name = LaunchScreen.storyboard;
			sourceTree = "<group>";
		};
/* End PBXVariantGroup section */

/* Begin XCBuildConfiguration section */
		C31EEBF11D7ADAF1001F890B /* Debug */ = {
			isa = XCBuildConfiguration;
			buildSettings = {
				ALWAYS_SEARCH_USER_PATHS = NO;
				CLANG_ANALYZER_NONNULL = YES;
				CLANG_CXX_LANGUAGE_STANDARD = "gnu++0x";
				CLANG_CXX_LIBRARY = "libc++";
				CLANG_ENABLE_MODULES = YES;
				CLANG_ENABLE_OBJC_ARC = YES;
				CLANG_WARN_BOOL_CONVERSION = YES;
				CLANG_WARN_CONSTANT_CONVERSION = YES;
				CLANG_WARN_DIRECT_OBJC_ISA_USAGE = YES_ERROR;
				CLANG_WARN_EMPTY_BODY = YES;
				CLANG_WARN_ENUM_CONVERSION = YES;
				CLANG_WARN_INT_CONVERSION = YES;
				CLANG_WARN_OBJC_ROOT_CLASS = YES_ERROR;
				CLANG_WARN_UNREACHABLE_CODE = YES;
				CLANG_WARN__DUPLICATE_METHOD_MATCH = YES;
				"CODE_SIGN_IDENTITY[sdk=iphoneos*]" = "iPhone Developer";
				COPY_PHASE_STRIP = NO;
				DEBUG_INFORMATION_FORMAT = dwarf;
				ENABLE_STRICT_OBJC_MSGSEND = YES;
				ENABLE_TESTABILITY = YES;
				GCC_C_LANGUAGE_STANDARD = gnu99;
				GCC_DYNAMIC_NO_PIC = NO;
				GCC_NO_COMMON_BLOCKS = YES;
				GCC_OPTIMIZATION_LEVEL = 0;
				GCC_PREPROCESSOR_DEFINITIONS = (
					"DEBUG=1",
					"$(inherited)",
				);
				GCC_WARN_64_TO_32_BIT_CONVERSION = YES;
				GCC_WARN_ABOUT_RETURN_TYPE = YES_ERROR;
				GCC_WARN_UNDECLARED_SELECTOR = YES;
				GCC_WARN_UNINITIALIZED_AUTOS = YES_AGGRESSIVE;
				GCC_WARN_UNUSED_FUNCTION = YES;
				GCC_WARN_UNUSED_VARIABLE = YES;
				IPHONEOS_DEPLOYMENT_TARGET = 9.3;
				MTL_ENABLE_DEBUG_INFO = YES;
				ONLY_ACTIVE_ARCH = YES;
				SDKROOT = iphoneos;
				SWIFT_OPTIMIZATION_LEVEL = "-Onone";
				TARGETED_DEVICE_FAMILY = "1,2";
			};
			name = Debug;
		};
		C31EEBF21D7ADAF1001F890B /* Release */ = {
			isa = XCBuildConfiguration;
			buildSettings = {
				ALWAYS_SEARCH_USER_PATHS = NO;
				CLANG_ANALYZER_NONNULL = YES;
				CLANG_CXX_LANGUAGE_STANDARD = "gnu++0x";
				CLANG_CXX_LIBRARY = "libc++";
				CLANG_ENABLE_MODULES = YES;
				CLANG_ENABLE_OBJC_ARC = YES;
				CLANG_WARN_BOOL_CONVERSION = YES;
				CLANG_WARN_CONSTANT_CONVERSION = YES;
				CLANG_WARN_DIRECT_OBJC_ISA_USAGE = YES_ERROR;
				CLANG_WARN_EMPTY_BODY = YES;
				CLANG_WARN_ENUM_CONVERSION = YES;
				CLANG_WARN_INT_CONVERSION = YES;
				CLANG_WARN_OBJC_ROOT_CLASS = YES_ERROR;
				CLANG_WARN_UNREACHABLE_CODE = YES;
				CLANG_WARN__DUPLICATE_METHOD_MATCH = YES;
				"CODE_SIGN_IDENTITY[sdk=iphoneos*]" = "iPhone Developer";
				COPY_PHASE_STRIP = NO;
				DEBUG_INFORMATION_FORMAT = "dwarf-with-dsym";
				ENABLE_NS_ASSERTIONS = NO;
				ENABLE_STRICT_OBJC_MSGSEND = YES;
				GCC_C_LANGUAGE_STANDARD = gnu99;
				GCC_NO_COMMON_BLOCKS = YES;
				GCC_WARN_64_TO_32_BIT_CONVERSION = YES;
				GCC_WARN_ABOUT_RETURN_TYPE = YES_ERROR;
				GCC_WARN_UNDECLARED_SELECTOR = YES;
				GCC_WARN_UNINITIALIZED_AUTOS = YES_AGGRESSIVE;
				GCC_WARN_UNUSED_FUNCTION = YES;
				GCC_WARN_UNUSED_VARIABLE = YES;
				IPHONEOS_DEPLOYMENT_TARGET = 9.3;
				MTL_ENABLE_DEBUG_INFO = NO;
				SDKROOT = iphoneos;
				TARGETED_DEVICE_FAMILY = "1,2";
				VALIDATE_PRODUCT = YES;
			};
			name = Release;
		};
		C31EEBF41D7ADAF1001F890B /* Debug */ = {
			isa = XCBuildConfiguration;
			buildSettings = {
				ASSETCATALOG_COMPILER_APPICON_NAME = AppIcon;
				INFOPLIST_FILE = "rpgoop-my/Info.plist";
				LD_RUNPATH_SEARCH_PATHS = "$(inherited) @executable_path/Frameworks";
				PRODUCT_BUNDLE_IDENTIFIER = "Nut.Aroon.rpgoop-my";
				PRODUCT_NAME = "$(TARGET_NAME)";
			};
			name = Debug;
		};
		C31EEBF51D7ADAF1001F890B /* Release */ = {
			isa = XCBuildConfiguration;
			buildSettings = {
				ASSETCATALOG_COMPILER_APPICON_NAME = AppIcon;
				INFOPLIST_FILE = "rpgoop-my/Info.plist";
				LD_RUNPATH_SEARCH_PATHS = "$(inherited) @executable_path/Frameworks";
				PRODUCT_BUNDLE_IDENTIFIER = "Nut.Aroon.rpgoop-my";
				PRODUCT_NAME = "$(TARGET_NAME)";
			};
			name = Release;
		};
/* End XCBuildConfiguration section */

/* Begin XCConfigurationList section */
		C31EEBDC1D7ADAF1001F890B /* Build configuration list for PBXProject "rpgoop-my" */ = {
			isa = XCConfigurationList;
			buildConfigurations = (
				C31EEBF11D7ADAF1001F890B /* Debug */,
				C31EEBF21D7ADAF1001F890B /* Release */,
			);
			defaultConfigurationIsVisible = 0;
			defaultConfigurationName = Release;
		};
		C31EEBF31D7ADAF1001F890B /* Build configuration list for PBXNativeTarget "rpgoop-my" */ = {
			isa = XCConfigurationList;
			buildConfigurations = (
				C31EEBF41D7ADAF1001F890B /* Debug */,
				C31EEBF51D7ADAF1001F890B /* Release */,
			);
			defaultConfigurationIsVisible = 0;
		};
/* End XCConfigurationList section */
	};
	rootObject = C31EEBD91D7ADAF1001F890B /* Project object */;
}
